
Microsoft Visual Studio Solution File, Format Version 12.00
# Visual Studio Version 17
VisualStudioVersion = 17.0.32112.339
MinimumVisualStudioVersion = 10.0.40219.1
Project("{FAE04EC0-301F-11D3-BF4B-00C04F79EFBC}") = "MinimalAPIDemo", "MinimalAPIDemo\MinimalAPIDemo.csproj", "{CF9B1B6C-C209-4C8E-84CF-87B6CFB33B84}"
EndProject
Project("{00D1A9C2-B5F0-4AF3-8072-F6C62B433612}") = "UserDB", "UserDB\UserDB.sqlproj", "{17AD9E74-0D5E-447E-BEC2-CA194F73D38B}"
EndProject
Project("{FAE04EC0-301F-11D3-BF4B-00C04F79EFBC}") = "DataAccess", "DataAccess\DataAccess.csproj", "{8150C1E5-F182-433E-BDF9-C34571828F45}"
EndProject
Project("{2150E333-8FDC-42A3-9474-1A3956D46DE8}") = "Solution Items", "Solution Items", "{F96256D1-C17D-4D72-821C-BF1FC4230BE1}"
	ProjectSection(SolutionItems) = preProject
		.editorconfig = .editorconfig
	EndProjectSection
EndProject
Global
	GlobalSection(SolutionConfigurationPlatforms) = preSolution
		Debug|Any CPU = Debug|Any CPU
		Release|Any CPU = Release|Any CPU
	EndGlobalSection
	GlobalSection(ProjectConfigurationPlatforms) = postSolution
		{CF9B1B6C-C209-4C8E-84CF-87B6CFB33B84}.Debug|Any CPU.ActiveCfg = Debug|Any CPU
		{CF9B1B6C-C209-4C8E-84CF-87B6CFB33B84}.Debug|Any CPU.Build.0 = Debug|Any CPU
		{CF9B1B6C-C209-4C8E-84CF-87B6CFB33B84}.Release|Any CPU.ActiveCfg = Release|Any CPU
		{CF9B1B6C-C209-4C8E-84CF-87B6CFB33B84}.Release|Any CPU.Build.0 = Release|Any CPU
		{17AD9E74-0D5E-447E-BEC2-CA194F73D38B}.Debug|Any CPU.ActiveCfg = Debug|Any CPU
		{17AD9E74-0D5E-447E-BEC2-CA194F73D38B}.Debug|Any CPU.Build.0 = Debug|Any CPU
		{17AD9E74-0D5E-447E-BEC2-CA194F73D38B}.Debug|Any CPU.Deploy.0 = Debug|Any CPU
		{17AD9E74-0D5E-447E-BEC2-CA194F73D38B}.Release|Any CPU.ActiveCfg = Release|Any CPU
		{17AD9E74-0D5E-447E-BEC2-CA194F73D38B}.Release|Any CPU.Build.0 = Release|Any CPU
		{17AD9E74-0D5E-447E-BEC2-CA194F73D38B}.Release|Any CPU.Deploy.0 = Release|Any CPU
		{8150C1E5-F182-433E-BDF9-C34571828F45}.Debug|Any CPU.ActiveCfg = Debug|Any CPU
		{8150C1E5-F182-433E-BDF9-C34571828F45}.Debug|Any CPU.Build.0 = Debug|Any CPU
		{8150C1E5-F182-433E-BDF9-C34571828F45}.Release|Any CPU.ActiveCfg = Release|Any CPU
		{8150C1E5-F182-433E-BDF9-C34571828F45}.Release|Any CPU.Build.0 = Release|Any CPU
	EndGlobalSection
	GlobalSection(SolutionProperties) = preSolution
		HideSolutionNode = FALSE
	EndGlobalSection
	GlobalSection(ExtensibilityGlobals) = postSolution
		SolutionGuid = {16D35911-459C-4EB0-B2B5-A0CE999B8856}
	EndGlobalSection
EndGlobal
